
Microsoft Visual Studio Solution File, Format Version 12.00
# Visual Studio Version 16
VisualStudioVersion = 16.0.30104.148
MinimumVisualStudioVersion = 10.0.40219.1
Project("{FAE04EC0-301F-11D3-BF4B-00C04F79EFBC}") = "Editor de Texto", "Editor de Texto.csproj", "{2938A90E-A986-48BD-95A2-B8CBBF9AED83}"
EndProject
Global
	GlobalSection(SolutionConfigurationPlatforms) = preSolution
		Debug|Any CPU = Debug|Any CPU
		Release|Any CPU = Release|Any CPU
	EndGlobalSection
	GlobalSection(ProjectConfigurationPlatforms) = postSolution
		{2938A90E-A986-48BD-95A2-B8CBBF9AED83}.Debug|Any CPU.ActiveCfg = Debug|Any CPU
		{2938A90E-A986-48BD-95A2-B8CBBF9AED83}.Debug|Any CPU.Build.0 = Debug|Any CPU
		{2938A90E-A986-48BD-95A2-B8CBBF9AED83}.Release|Any CPU.ActiveCfg = Release|Any CPU
		{2938A90E-A986-48BD-95A2-B8CBBF9AED83}.Release|Any CPU.Build.0 = Release|Any CPU
	EndGlobalSection
	GlobalSection(SolutionProperties) = preSolution
		HideSolutionNode = FALSE
	EndGlobalSection
	GlobalSection(ExtensibilityGlobals) = postSolution
		SolutionGuid = {3CA0C832-9686-4A42-AAD8-595B13FF0AA5}
	EndGlobalSection
EndGlobal
